// !$*UTF8*$!
{
	archiveVersion = 1;
	classes = {
	};
	objectVersion = 48;
	objects = {

/* Begin PBXBuildFile section */
		231CCE87203AA159008CF444 /* AppDelegate.m in Sources */ = {isa = PBXBuildFile; fileRef = 231CCE86203AA159008CF444 /* AppDelegate.m */; };
		231CCE8A203AA159008CF444 /* ViewController.m in Sources */ = {isa = PBXBuildFile; fileRef = 231CCE89203AA159008CF444 /* ViewController.m */; };
		231CCE8D203AA159008CF444 /* Main.storyboard in Resources */ = {isa = PBXBuildFile; fileRef = 231CCE8B203AA159008CF444 /* Main.storyboard */; };
		231CCE8F203AA159008CF444 /* Assets.xcassets in Resources */ = {isa = PBXBuildFile; fileRef = 231CCE8E203AA159008CF444 /* Assets.xcassets */; };
		231CCE92203AA159008CF444 /* LaunchScreen.storyboard in Resources */ = {isa = PBXBuildFile; fileRef = 231CCE90203AA159008CF444 /* LaunchScreen.storyboard */; };
		231CCE95203AA159008CF444 /* main.m in Sources */ = {isa = PBXBuildFile; fileRef = 231CCE94203AA159008CF444 /* main.m */; };
		231CCE9F203AA159008CF444 /* __1_1Tests.m in Sources */ = {isa = PBXBuildFile; fileRef = 231CCE9E203AA159008CF444 /* __1_1Tests.m */; };
		231CCEAA203AA159008CF444 /* __1_1UITests.m in Sources */ = {isa = PBXBuildFile; fileRef = 231CCEA9203AA159008CF444 /* __1_1UITests.m */; };
/* End PBXBuildFile section */

/* Begin PBXContainerItemProxy section */
		231CCE9B203AA159008CF444 /* PBXContainerItemProxy */ = {
			isa = PBXContainerItemProxy;
			containerPortal = 231CCE7A203AA159008CF444 /* Project object */;
			proxyType = 1;
			remoteGlobalIDString = 231CCE81203AA159008CF444;
			remoteInfo = 1.1.1;
		};
		231CCEA6203AA159008CF444 /* PBXContainerItemProxy */ = {
			isa = PBXContainerItemProxy;
			containerPortal = 231CCE7A203AA159008CF444 /* Project object */;
			proxyType = 1;
			remoteGlobalIDString = 231CCE81203AA159008CF444;
			remoteInfo = 1.1.1;
		};
/* End PBXContainerItemProxy section */

/* Begin PBXFileReference section */
		231CCE82203AA159008CF444 /* 1.1.1.app */ = {isa = PBXFileReference; explicitFileType = wrapper.application; includeInIndex = 0; path = 1.1.1.app; sourceTree = BUILT_PRODUCTS_DIR; };
		231CCE85203AA159008CF444 /* AppDelegate.h */ = {isa = PBXFileReference; lastKnownFileType = sourcecode.c.h; path = AppDelegate.h; sourceTree = "<group>"; };
		231CCE86203AA159008CF444 /* AppDelegate.m */ = {isa = PBXFileReference; lastKnownFileType = sourcecode.c.objc; path = AppDelegate.m; sourceTree = "<group>"; };
		231CCE88203AA159008CF444 /* ViewController.h */ = {isa = PBXFileReference; lastKnownFileType = sourcecode.c.h; path = ViewController.h; sourceTree = "<group>"; };
		231CCE89203AA159008CF444 /* ViewController.m */ = {isa = PBXFileReference; lastKnownFileType = sourcecode.c.objc; path = ViewController.m; sourceTree = "<group>"; };
		231CCE8C203AA159008CF444 /* Base */ = {isa = PBXFileReference; lastKnownFileType = file.storyboard; name = Base; path = Base.lproj/Main.storyboard; sourceTree = "<group>"; };
		231CCE8E203AA159008CF444 /* Assets.xcassets */ = {isa = PBXFileReference; lastKnownFileType = folder.assetcatalog; path = Assets.xcassets; sourceTree = "<group>"; };
		231CCE91203AA159008CF444 /* Base */ = {isa = PBXFileReference; lastKnownFileType = file.storyboard; name = Base; path = Base.lproj/LaunchScreen.storyboard; sourceTree = "<group>"; };
		231CCE93203AA159008CF444 /* Info.plist */ = {isa = PBXFileReference; lastKnownFileType = text.plist.xml; path = Info.plist; sourceTree = "<group>"; };
		231CCE94203AA159008CF444 /* main.m */ = {isa = PBXFileReference; lastKnownFileType = sourcecode.c.objc; path = main.m; sourceTree = "<group>"; };
		231CCE9A203AA159008CF444 /* 1.1.1Tests.xctest */ = {isa = PBXFileReference; explicitFileType = wrapper.cfbundle; includeInIndex = 0; path = 1.1.1Tests.xctest; sourceTree = BUILT_PRODUCTS_DIR; };
		231CCE9E203AA159008CF444 /* __1_1Tests.m */ = {isa = PBXFileReference; lastKnownFileType = sourcecode.c.objc; path = __1_1Tests.m; sourceTree = "<group>"; };
		231CCEA0203AA159008CF444 /* Info.plist */ = {isa = PBXFileReference; lastKnownFileType = text.plist.xml; path = Info.plist; sourceTree = "<group>"; };
		231CCEA5203AA159008CF444 /* 1.1.1UITests.xctest */ = {isa = PBXFileReference; explicitFileType = wrapper.cfbundle; includeInIndex = 0; path = 1.1.1UITests.xctest; sourceTree = BUILT_PRODUCTS_DIR; };
		231CCEA9203AA159008CF444 /* __1_1UITests.m */ = {isa = PBXFileReference; lastKnownFileType = sourcecode.c.objc; path = __1_1UITests.m; sourceTree = "<group>"; };
		231CCEAB203AA159008CF444 /* Info.plist */ = {isa = PBXFileReference; lastKnownFileType = text.plist.xml; path = Info.plist; sourceTree = "<group>"; };
/* End PBXFileReference section */

/* Begin PBXFrameworksBuildPhase section */
		231CCE7F203AA159008CF444 /* Frameworks */ = {
			isa = PBXFrameworksBuildPhase;
			buildActionMask = 2147483647;
			files = (
			);
			runOnlyForDeploymentPostprocessing = 0;
		};
		231CCE97203AA159008CF444 /* Frameworks */ = {
			isa = PBXFrameworksBuildPhase;
			buildActionMask = 2147483647;
			files = (
			);
			runOnlyForDeploymentPostprocessing = 0;
		};
		231CCEA2203AA159008CF444 /* Frameworks */ = {
			isa = PBXFrameworksBuildPhase;
			buildActionMask = 2147483647;
			files = (
			);
			runOnlyForDeploymentPostprocessing = 0;
		};
/* End PBXFrameworksBuildPhase section */

/* Begin PBXGroup section */
		231CCE79203AA159008CF444 = {
			isa = PBXGroup;
			children = (
				231CCE84203AA159008CF444 /* 1.1.1 */,
				231CCE9D203AA159008CF444 /* 1.1.1Tests */,
				231CCEA8203AA159008CF444 /* 1.1.1UITests */,
				231CCE83203AA159008CF444 /* Products */,
			);
			sourceTree = "<group>";
		};
		231CCE83203AA159008CF444 /* Products */ = {
			isa = PBXGroup;
			children = (
				231CCE82203AA159008CF444 /* 1.1.1.app */,
				231CCE9A203AA159008CF444 /* 1.1.1Tests.xctest */,
				231CCEA5203AA159008CF444 /* 1.1.1UITests.xctest */,
			);
			name = Products;
			sourceTree = "<group>";
		};
		231CCE84203AA159008CF444 /* 1.1.1 */ = {
			isa = PBXGroup;
			children = (
				231CCE85203AA159008CF444 /* AppDelegate.h */,
				231CCE86203AA159008CF444 /* AppDelegate.m */,
				231CCE88203AA159008CF444 /* ViewController.h */,
				231CCE89203AA159008CF444 /* ViewController.m */,
				231CCE8B203AA159008CF444 /* Main.storyboard */,
				231CCE8E203AA159008CF444 /* Assets.xcassets */,
				231CCE90203AA159008CF444 /* LaunchScreen.storyboard */,
				231CCE93203AA159008CF444 /* Info.plist */,
				231CCE94203AA159008CF444 /* main.m */,
			);
			path = 1.1.1;
			sourceTree = "<group>";
		};
		231CCE9D203AA159008CF444 /* 1.1.1Tests */ = {
			isa = PBXGroup;
			children = (
				231CCE9E203AA159008CF444 /* __1_1Tests.m */,
				231CCEA0203AA159008CF444 /* Info.plist */,
			);
			path = 1.1.1Tests;
			sourceTree = "<group>";
		};
		231CCEA8203AA159008CF444 /* 1.1.1UITests */ = {
			isa = PBXGroup;
			children = (
				231CCEA9203AA159008CF444 /* __1_1UITests.m */,
				231CCEAB203AA159008CF444 /* Info.plist */,
			);
			path = 1.1.1UITests;
			sourceTree = "<group>";
		};
/* End PBXGroup section */

/* Begin PBXNativeTarget section */
		231CCE81203AA159008CF444 /* 1.1.1 */ = {
			isa = PBXNativeTarget;
			buildConfigurationList = 231CCEAE203AA159008CF444 /* Build configuration list for PBXNativeTarget "1.1.1" */;
			buildPhases = (
				231CCE7E203AA159008CF444 /* Sources */,
				231CCE7F203AA159008CF444 /* Frameworks */,
				231CCE80203AA159008CF444 /* Resources */,
			);
			buildRules = (
			);
			dependencies = (
			);
			name = 1.1.1;
			productName = 1.1.1;
			productReference = 231CCE82203AA159008CF444 /* 1.1.1.app */;
			productType = "com.apple.product-type.application";
		};
		231CCE99203AA159008CF444 /* 1.1.1Tests */ = {
			isa = PBXNativeTarget;
			buildConfigurationList = 231CCEB1203AA159008CF444 /* Build configuration list for PBXNativeTarget "1.1.1Tests" */;
			buildPhases = (
				231CCE96203AA159008CF444 /* Sources */,
				231CCE97203AA159008CF444 /* Frameworks */,
				231CCE98203AA159008CF444 /* Resources */,
			);
			buildRules = (
			);
			dependencies = (
				231CCE9C203AA159008CF444 /* PBXTargetDependency */,
			);
			name = 1.1.1Tests;
			productName = 1.1.1Tests;
			productReference = 231CCE9A203AA159008CF444 /* 1.1.1Tests.xctest */;
			productType = "com.apple.product-type.bundle.unit-test";
		};
		231CCEA4203AA159008CF444 /* 1.1.1UITests */ = {
			isa = PBXNativeTarget;
			buildConfigurationList = 231CCEB4203AA159008CF444 /* Build configuration list for PBXNativeTarget "1.1.1UITests" */;
			buildPhases = (
				231CCEA1203AA159008CF444 /* Sources */,
				231CCEA2203AA159008CF444 /* Frameworks */,
				231CCEA3203AA159008CF444 /* Resources */,
			);
			buildRules = (
			);
			dependencies = (
				231CCEA7203AA159008CF444 /* PBXTargetDependency */,
			);
			name = 1.1.1UITests;
			productName = 1.1.1UITests;
			productReference = 231CCEA5203AA159008CF444 /* 1.1.1UITests.xctest */;
			productType = "com.apple.product-type.bundle.ui-testing";
		};
/* End PBXNativeTarget section */

/* Begin PBXProject section */
		231CCE7A203AA159008CF444 /* Project object */ = {
			isa = PBXProject;
			attributes = {
				LastUpgradeCheck = 0920;
				ORGANIZATIONNAME = B015;
				TargetAttributes = {
					231CCE81203AA159008CF444 = {
						CreatedOnToolsVersion = 9.2;
						ProvisioningStyle = Automatic;
					};
					231CCE99203AA159008CF444 = {
						CreatedOnToolsVersion = 9.2;
						ProvisioningStyle = Automatic;
						TestTargetID = 231CCE81203AA159008CF444;
					};
					231CCEA4203AA159008CF444 = {
						CreatedOnToolsVersion = 9.2;
						ProvisioningStyle = Automatic;
						TestTargetID = 231CCE81203AA159008CF444;
					};
				};
			};
			buildConfigurationList = 231CCE7D203AA159008CF444 /* Build configuration list for PBXProject "1.1.1" */;
			compatibilityVersion = "Xcode 8.0";
			developmentRegion = en;
			hasScannedForEncodings = 0;
			knownRegions = (
				en,
				Base,
			);
			mainGroup = 231CCE79203AA159008CF444;
			productRefGroup = 231CCE83203AA159008CF444 /* Products */;
			projectDirPath = "";
			projectRoot = "";
			targets = (
				231CCE81203AA159008CF444 /* 1.1.1 */,
				231CCE99203AA159008CF444 /* 1.1.1Tests */,
				231CCEA4203AA159008CF444 /* 1.1.1UITests */,
			);
		};
/* End PBXProject section */

/* Begin PBXResourcesBuildPhase section */
		231CCE80203AA159008CF444 /* Resources */ = {
			isa = PBXResourcesBuildPhase;
			buildActionMask = 2147483647;
			files = (
				231CCE92203AA159008CF444 /* LaunchScreen.storyboard in Resources */,
				231CCE8F203AA159008CF444 /* Assets.xcassets in Resources */,
				231CCE8D203AA159008CF444 /* Main.storyboard in Resources */,
			);
			runOnlyForDeploymentPostprocessing = 0;
		};
		231CCE98203AA159008CF444 /* Resources */ = {
			isa = PBXResourcesBuildPhase;
			buildActionMask = 2147483647;
			files = (
			);
			runOnlyForDeploymentPostprocessing = 0;
		};
		231CCEA3203AA159008CF444 /* Resources */ = {
			isa = PBXResourcesBuildPhase;
			buildActionMask = 2147483647;
			files = (
			);
			runOnlyForDeploymentPostprocessing = 0;
		};
/* End PBXResourcesBuildPhase section */

/* Begin PBXSourcesBuildPhase section */
		231CCE7E203AA159008CF444 /* Sources */ = {
			isa = PBXSourcesBuildPhase;
			buildActionMask = 2147483647;
			files = (
				231CCE8A203AA159008CF444 /* ViewController.m in Sources */,
				231CCE95203AA159008CF444 /* main.m in Sources */,
				231CCE87203AA159008CF444 /* AppDelegate.m in Sources */,
			);
			runOnlyForDeploymentPostprocessing = 0;
		};
		231CCE96203AA159008CF444 /* Sources */ = {
			isa = PBXSourcesBuildPhase;
			buildActionMask = 2147483647;
			files = (
				231CCE9F203AA159008CF444 /* __1_1Tests.m in Sources */,
			);
			runOnlyForDeploymentPostprocessing = 0;
		};
		231CCEA1203AA159008CF444 /* Sources */ = {
			isa = PBXSourcesBuildPhase;
			buildActionMask = 2147483647;
			files = (
				231CCEAA203AA159008CF444 /* __1_1UITests.m in Sources */,
			);
			runOnlyForDeploymentPostprocessing = 0;
		};
/* End PBXSourcesBuildPhase section */

/* Begin PBXTargetDependency section */
		231CCE9C203AA159008CF444 /* PBXTargetDependency */ = {
			isa = PBXTargetDependency;
			target = 231CCE81203AA159008CF444 /* 1.1.1 */;
			targetProxy = 231CCE9B203AA159008CF444 /* PBXContainerItemProxy */;
		};
		231CCEA7203AA159008CF444 /* PBXTargetDependency */ = {
			isa = PBXTargetDependency;
			target = 231CCE81203AA159008CF444 /* 1.1.1 */;
			targetProxy = 231CCEA6203AA159008CF444 /* PBXContainerItemProxy */;
		};
/* End PBXTargetDependency section */

/* Begin PBXVariantGroup section */
		231CCE8B203AA159008CF444 /* Main.storyboard */ = {
			isa = PBXVariantGroup;
			children = (
				231CCE8C203AA159008CF444 /* Base */,
			);
			name = Main.storyboard;
			sourceTree = "<group>";
		};
		231CCE90203AA159008CF444 /* LaunchScreen.storyboard */ = {
			isa = PBXVariantGroup;
			children = (
				231CCE91203AA159008CF444 /* Base */,
			);
			name = LaunchScreen.storyboard;
			sourceTree = "<group>";
		};
/* End PBXVariantGroup section */

/* Begin XCBuildConfiguration section */
		231CCEAC203AA159008CF444 /* Debug */ = {
			isa = XCBuildConfiguration;
			buildSettings = {
				ALWAYS_SEARCH_USER_PATHS = NO;
				CLANG_ANALYZER_NONNULL = YES;
				CLANG_ANALYZER_NUMBER_OBJECT_CONVERSION = YES_AGGRESSIVE;
				CLANG_CXX_LANGUAGE_STANDARD = "gnu++14";
				CLANG_CXX_LIBRARY = "libc++";
				CLANG_ENABLE_MODULES = YES;
				CLANG_ENABLE_OBJC_ARC = YES;
				CLANG_WARN_BLOCK_CAPTURE_AUTORELEASING = YES;
				CLANG_WARN_BOOL_CONVERSION = YES;
				CLANG_WARN_COMMA = YES;
				CLANG_WARN_CONSTANT_CONVERSION = YES;
				CLANG_WARN_DIRECT_OBJC_ISA_USAGE = YES_ERROR;
				CLANG_WARN_DOCUMENTATION_COMMENTS = YES;
				CLANG_WARN_EMPTY_BODY = YES;
				CLANG_WARN_ENUM_CONVERSION = YES;
				CLANG_WARN_INFINITE_RECURSION = YES;
				CLANG_WARN_INT_CONVERSION = YES;
				CLANG_WARN_NON_LITERAL_NULL_CONVERSION = YES;
				CLANG_WARN_OBJC_LITERAL_CONVERSION = YES;
				CLANG_WARN_OBJC_ROOT_CLASS = YES_ERROR;
				CLANG_WARN_RANGE_LOOP_ANALYSIS = YES;
				CLANG_WARN_STRICT_PROTOTYPES = YES;
				CLANG_WARN_SUSPICIOUS_MOVE = YES;
				CLANG_WARN_UNGUARDED_AVAILABILITY = YES_AGGRESSIVE;
				CLANG_WARN_UNREACHABLE_CODE = YES;
				CLANG_WARN__DUPLICATE_METHOD_MATCH = YES;
				CODE_SIGN_IDENTITY = "iPhone Developer";
				COPY_PHASE_STRIP = NO;
				DEBUG_INFORMATION_FORMAT = dwarf;
				ENABLE_STRICT_OBJC_MSGSEND = YES;
				ENABLE_TESTABILITY = YES;
				GCC_C_LANGUAGE_STANDARD = gnu11;
				GCC_DYNAMIC_NO_PIC = NO;
				GCC_NO_COMMON_BLOCKS = YES;
				GCC_OPTIMIZATION_LEVEL = 0;
				GCC_PREPROCESSOR_DEFINITIONS = (
					"DEBUG=1",
					"$(inherited)",
				);
				GCC_WARN_64_TO_32_BIT_CONVERSION = YES;
				GCC_WARN_ABOUT_RETURN_TYPE = YES_ERROR;
				GCC_WARN_UNDECLARED_SELECTOR = YES;
				GCC_WARN_UNINITIALIZED_AUTOS = YES_AGGRESSIVE;
				GCC_WARN_UNUSED_FUNCTION = YES;
				GCC_WARN_UNUSED_VARIABLE = YES;
				IPHONEOS_DEPLOYMENT_TARGET = 11.2;
				MTL_ENABLE_DEBUG_INFO = YES;
				ONLY_ACTIVE_ARCH = YES;
				SDKROOT = iphoneos;
			};
			name = Debug;
		};
		231CCEAD203AA159008CF444 /* Release */ = {
			isa = XCBuildConfiguration;
			buildSettings = {
				ALWAYS_SEARCH_USER_PATHS = NO;
				CLANG_ANALYZER_NONNULL = YES;
				CLANG_ANALYZER_NUMBER_OBJECT_CONVERSION = YES_AGGRESSIVE;
				CLANG_CXX_LANGUAGE_STANDARD = "gnu++14";
				CLANG_CXX_LIBRARY = "libc++";
				CLANG_ENABLE_MODULES = YES;
				CLANG_ENABLE_OBJC_ARC = YES;
				CLANG_WARN_BLOCK_CAPTURE_AUTORELEASING = YES;
				CLANG_WARN_BOOL_CONVERSION = YES;
				CLANG_WARN_COMMA = YES;
				CLANG_WARN_CONSTANT_CONVERSION = YES;
				CLANG_WARN_DIRECT_OBJC_ISA_USAGE = YES_ERROR;
				CLANG_WARN_DOCUMENTATION_COMMENTS = YES;
				CLANG_WARN_EMPTY_BODY = YES;
				CLANG_WARN_ENUM_CONVERSION = YES;
				CLANG_WARN_INFINITE_RECURSION = YES;
				CLANG_WARN_INT_CONVERSION = YES;
				CLANG_WARN_NON_LITERAL_NULL_CONVERSION = YES;
				CLANG_WARN_OBJC_LITERAL_CONVERSION = YES;
				CLANG_WARN_OBJC_ROOT_CLASS = YES_ERROR;
				CLANG_WARN_RANGE_LOOP_ANALYSIS = YES;
				CLANG_WARN_STRICT_PROTOTYPES = YES;
				CLANG_WARN_SUSPICIOUS_MOVE = YES;
				CLANG_WARN_UNGUARDED_AVAILABILITY = YES_AGGRESSIVE;
				CLANG_WARN_UNREACHABLE_CODE = YES;
				CLANG_WARN__DUPLICATE_METHOD_MATCH = YES;
				CODE_SIGN_IDENTITY = "iPhone Developer";
				COPY_PHASE_STRIP = NO;
				DEBUG_INFORMATION_FORMAT = "dwarf-with-dsym";
				ENABLE_NS_ASSERTIONS = NO;
				ENABLE_STRICT_OBJC_MSGSEND = YES;
				GCC_C_LANGUAGE_STANDARD = gnu11;
				GCC_NO_COMMON_BLOCKS = YES;
				GCC_WARN_64_TO_32_BIT_CONVERSION = YES;
				GCC_WARN_ABOUT_RETURN_TYPE = YES_ERROR;
				GCC_WARN_UNDECLARED_SELECTOR = YES;
				GCC_WARN_UNINITIALIZED_AUTOS = YES_AGGRESSIVE;
				GCC_WARN_UNUSED_FUNCTION = YES;
				GCC_WARN_UNUSED_VARIABLE = YES;
				IPHONEOS_DEPLOYMENT_TARGET = 11.2;
				MTL_ENABLE_DEBUG_INFO = NO;
				SDKROOT = iphoneos;
				VALIDATE_PRODUCT = YES;
			};
			name = Release;
		};
		231CCEAF203AA159008CF444 /* Debug */ = {
			isa = XCBuildConfiguration;
			buildSettings = {
				ASSETCATALOG_COMPILER_APPICON_NAME = AppIcon;
				CODE_SIGN_STYLE = Automatic;
				INFOPLIST_FILE = 1.1.1/Info.plist;
				LD_RUNPATH_SEARCH_PATHS = "$(inherited) @executable_path/Frameworks";
				PRODUCT_BUNDLE_IDENTIFIER = "com.yuki.--1-1";
				PRODUCT_NAME = "$(TARGET_NAME)";
				TARGETED_DEVICE_FAMILY = "1,2";
			};
			name = Debug;
		};
		231CCEB0203AA159008CF444 /* Release */ = {
			isa = XCBuildConfiguration;
			buildSettings = {
				ASSETCATALOG_COMPILER_APPICON_NAME = AppIcon;
				CODE_SIGN_STYLE = Automatic;
				INFOPLIST_FILE = 1.1.1/Info.plist;
				LD_RUNPATH_SEARCH_PATHS = "$(inherited) @executable_path/Frameworks";
				PRODUCT_BUNDLE_IDENTIFIER = "com.yuki.--1-1";
				PRODUCT_NAME = "$(TARGET_NAME)";
				TARGETED_DEVICE_FAMILY = "1,2";
			};
			name = Release;
		};
		231CCEB2203AA159008CF444 /* Debug */ = {
			isa = XCBuildConfiguration;
			buildSettings = {
				BUNDLE_LOADER = "$(TEST_HOST)";
				CODE_SIGN_STYLE = Automatic;
				INFOPLIST_FILE = 1.1.1Tests/Info.plist;
				LD_RUNPATH_SEARCH_PATHS = "$(inherited) @executable_path/Frameworks @loader_path/Frameworks";
				PRODUCT_BUNDLE_IDENTIFIER = "com.yuki.--1-1Tests";
				PRODUCT_NAME = "$(TARGET_NAME)";
				TARGETED_DEVICE_FAMILY = "1,2";
				TEST_HOST = "$(BUILT_PRODUCTS_DIR)/1.1.1.app/1.1.1";
			};
			name = Debug;
		};
		231CCEB3203AA159008CF444 /* Release */ = {
			isa = XCBuildConfiguration;
			buildSettings = {
				BUNDLE_LOADER = "$(TEST_HOST)";
				CODE_SIGN_STYLE = Automatic;
				INFOPLIST_FILE = 1.1.1Tests/Info.plist;
				LD_RUNPATH_SEARCH_PATHS = "$(inherited) @executable_path/Frameworks @loader_path/Frameworks";
				PRODUCT_BUNDLE_IDENTIFIER = "com.yuki.--1-1Tests";
				PRODUCT_NAME = "$(TARGET_NAME)";
				TARGETED_DEVICE_FAMILY = "1,2";
				TEST_HOST = "$(BUILT_PRODUCTS_DIR)/1.1.1.app/1.1.1";
			};
			name = Release;
		};
		231CCEB5203AA159008CF444 /* Debug */ = {
			isa = XCBuildConfiguration;
			buildSettings = {
				CODE_SIGN_STYLE = Automatic;
				INFOPLIST_FILE = 1.1.1UITests/Info.plist;
				LD_RUNPATH_SEARCH_PATHS = "$(inherited) @executable_path/Frameworks @loader_path/Frameworks";
				PRODUCT_BUNDLE_IDENTIFIER = "com.yuki.--1-1UITests";
				PRODUCT_NAME = "$(TARGET_NAME)";
				TARGETED_DEVICE_FAMILY = "1,2";
				TEST_TARGET_NAME = 1.1.1;
			};
			name = Debug;
		};
		231CCEB6203AA159008CF444 /* Release */ = {
			isa = XCBuildConfiguration;
			buildSettings = {
				CODE_SIGN_STYLE = Automatic;
				INFOPLIST_FILE = 1.1.1UITests/Info.plist;
				LD_RUNPATH_SEARCH_PATHS = "$(inherited) @executable_path/Frameworks @loader_path/Frameworks";
				PRODUCT_BUNDLE_IDENTIFIER = "com.yuki.--1-1UITests";
				PRODUCT_NAME = "$(TARGET_NAME)";
				TARGETED_DEVICE_FAMILY = "1,2";
				TEST_TARGET_NAME = 1.1.1;
			};
			name = Release;
		};
/* End XCBuildConfiguration section */

/* Begin XCConfigurationList section */
		231CCE7D203AA159008CF444 /* Build configuration list for PBXProject "1.1.1" */ = {
			isa = XCConfigurationList;
			buildConfigurations = (
				231CCEAC203AA159008CF444 /* Debug */,
				231CCEAD203AA159008CF444 /* Release */,
			);
			defaultConfigurationIsVisible = 0;
			defaultConfigurationName = Release;
		};
		231CCEAE203AA159008CF444 /* Build configuration list for PBXNativeTarget "1.1.1" */ = {
			isa = XCConfigurationList;
			buildConfigurations = (
				231CCEAF203AA159008CF444 /* Debug */,
				231CCEB0203AA159008CF444 /* Release */,
			);
			defaultConfigurationIsVisible = 0;
			defaultConfigurationName = Release;
		};
		231CCEB1203AA159008CF444 /* Build configuration list for PBXNativeTarget "1.1.1Tests" */ = {
			isa = XCConfigurationList;
			buildConfigurations = (
				231CCEB2203AA159008CF444 /* Debug */,
				231CCEB3203AA159008CF444 /* Release */,
			);
			defaultConfigurationIsVisible = 0;
			defaultConfigurationName = Release;
		};
		231CCEB4203AA159008CF444 /* Build configuration list for PBXNativeTarget "1.1.1UITests" */ = {
			isa = XCConfigurationList;
			buildConfigurations = (
				231CCEB5203AA159008CF444 /* Debug */,
				231CCEB6203AA159008CF444 /* Release */,
			);
			defaultConfigurationIsVisible = 0;
			defaultConfigurationName = Release;
		};
/* End XCConfigurationList section */
	};
	rootObject = 231CCE7A203AA159008CF444 /* Project object */;
}
